
Microsoft Visual Studio Solution File, Format Version 12.00
# Visual Studio Version 16
VisualStudioVersion = 25.0.1704.0
MinimumVisualStudioVersion = 10.0.40219.1
Project("{FAE04EC0-301F-11D3-BF4B-00C04F79EFBC}") = "HRMApp", "HRMApp.csproj", "{3A407CC1-AAFC-4C95-A70B-D5699EA256F8}"
EndProject
Global
	GlobalSection(SolutionConfigurationPlatforms) = preSolution
		Debug|Any CPU = Debug|Any CPU
		Release|Any CPU = Release|Any CPU
	EndGlobalSection
	GlobalSection(ProjectConfigurationPlatforms) = postSolution
		{3A407CC1-AAFC-4C95-A70B-D5699EA256F8}.Debug|Any CPU.ActiveCfg = Debug|Any CPU
		{3A407CC1-AAFC-4C95-A70B-D5699EA256F8}.Debug|Any CPU.Build.0 = Debug|Any CPU
		{3A407CC1-AAFC-4C95-A70B-D5699EA256F8}.Release|Any CPU.ActiveCfg = Release|Any CPU
		{3A407CC1-AAFC-4C95-A70B-D5699EA256F8}.Release|Any CPU.Build.0 = Release|Any CPU
	EndGlobalSection
	GlobalSection(SolutionProperties) = preSolution
		HideSolutionNode = FALSE
	EndGlobalSection
	GlobalSection(ExtensibilityGlobals) = postSolution
		SolutionGuid = {613ACC1E-B403-40FF-BADA-A668DC5EF587}
	EndGlobalSection
EndGlobal
